{
  "name": "2019-12-2",
  "version": "1.0.0",
  "lockfileVersion": 1,
  "requires": true,
  "dependencies": {
    "dom7": {
      "version": "2.1.3",
      "resolved": "https://registry.npm.taobao.org/dom7/download/dom7-2.1.3.tgz",
      "integrity": "sha1-pzb5w7+8TKA5qBzQlfl9HX894Zw=",
      "dev": true,
      "requires": {
        "ssr-window": "^1.0.1"
      }
    },
    "ssr-window": {
      "version": "1.0.1",
      "resolved": "https://registry.npm.taobao.org/ssr-window/download/ssr-window-1.0.1.tgz",
      "integrity": "sha1-MHUqakZm53Z/C35qpvwv29DZs2k=",
      "dev": true
    },
    "swiper": {
      "version": "5.2.1",
      "resolved": "https://registry.npm.taobao.org/swiper/download/swiper-5.2.1.tgz?cache=0&other_urls=https%3A%2F%2Fregistry.npm.taobao.org%2Fswiper%2Fdownload%2Fswiper-5.2.1.tgz",
      "integrity": "sha1-cgcHd7nvsTGFRrpI1xVJOc0XAZY=",
      "dev": true,
      "requires": {
        "dom7": "^2.1.3",
        "ssr-window": "^1.0.1"
      }
    }
  }
}
