# THIS IS AN AUTOGENERATED FILE. DO NOT EDIT THIS FILE DIRECTLY.
# yarn lockfile v1


"@babel/code-frame@^7.0.0", "@babel/code-frame@^7.5.5":
  version "7.5.5"
  resolved "https://registry.npm.taobao.org/@babel/code-frame/download/@babel/code-frame-7.5.5.tgz#bc0782f6d69f7b7d49531219699b988f669a8f9d"
  dependencies:
    "@babel/highlight" "^7.0.0"

"@babel/core@^7.0.0":
  version "7.6.4"
  resolved "https://registry.npm.taobao.org/@babel/core/download/@babel/core-7.6.4.tgz?cache=0&other_urls=https%3A%2F%2Fregistry.npm.taobao.org%2F%40babel%2Fcore%2Fdownload%2F%40babel%2Fcore-7.6.4.tgz#6ebd9fe00925f6c3e177bb726a188b5f578088ff"
  dependencies:
    "@babel/code-frame" "^7.5.5"
    "@babel/generator" "^7.6.4"
    "@babel/helpers" "^7.6.2"
    "@babel/parser" "^7.6.4"
    "@babel/template" "^7.6.0"
    "@babel/traverse" "^7.6.3"
    "@babel/types" "^7.6.3"
    convert-source-map "^1.1.0"
    debug "^4.1.0"
    json5 "^2.1.0"
    lodash "^4.17.13"
    resolve "^1.3.2"
    semver "^5.4.1"
    source-map "^0.5.0"

"@babel/generator@^7.6.3", "@babel/generator@^7.6.4":
  version "7.6.4"
  resolved "https://registry.npm.taobao.org/@babel/generator/download/@babel/generator-7.6.4.tgz?cache=0&other_urls=https%3A%2F%2Fregistry.npm.taobao.org%2F%40babel%2Fgenerator%2Fdownload%2F%40babel%2Fgenerator-7.6.4.tgz#a4f8437287bf9671b07f483b76e3bb731bc97671"
  dependencies:
    "@babel/types" "^7.6.3"
    jsesc "^2.5.1"
    lodash "^4.17.13"
    source-map "^0.5.0"

"@babel/helper-function-name@^7.1.0":
  version "7.1.0"
  resolved "https://registry.npm.taobao.org/@babel/helper-function-name/download/@babel/helper-function-name-7.1.0.tgz#a0ceb01685f73355d4360c1247f582bfafc8ff53"
  dependencies:
    "@babel/helper-get-function-arity" "^7.0.0"
    "@babel/template" "^7.1.0"
    "@babel/types" "^7.0.0"

"@babel/helper-get-function-arity@^7.0.0":
  version "7.0.0"
  resolved "https://registry.npm.taobao.org/@babel/helper-get-function-arity/download/@babel/helper-get-function-arity-7.0.0.tgz#83572d4320e2a4657263734113c42868b64e49c3"
  dependencies:
    "@babel/types" "^7.0.0"

"@babel/helper-split-export-declaration@^7.4.4":
  version "7.4.4"
  resolved "https://registry.npm.taobao.org/@babel/helper-split-export-declaration/download/@babel/helper-split-export-declaration-7.4.4.tgz#ff94894a340be78f53f06af038b205c49d993677"
  dependencies:
    "@babel/types" "^7.4.4"

"@babel/helpers@^7.6.2":
  version "7.6.2"
  resolved "https://registry.npm.taobao.org/@babel/helpers/download/@babel/helpers-7.6.2.tgz#681ffe489ea4dcc55f23ce469e58e59c1c045153"
  dependencies:
    "@babel/template" "^7.6.0"
    "@babel/traverse" "^7.6.2"
    "@babel/types" "^7.6.0"

"@babel/highlight@^7.0.0":
  version "7.5.0"
  resolved "https://registry.npm.taobao.org/@babel/highlight/download/@babel/highlight-7.5.0.tgz#56d11312bd9248fa619591d02472be6e8cb32540"
  dependencies:
    chalk "^2.0.0"
    esutils "^2.0.2"
    js-tokens "^4.0.0"

"@babel/parser@^7.6.0", "@babel/parser@^7.6.3", "@babel/parser@^7.6.4":
  version "7.6.4"
  resolved "https://registry.npm.taobao.org/@babel/parser/download/@babel/parser-7.6.4.tgz?cache=0&sync_timestamp=1570717401366&other_urls=https%3A%2F%2Fregistry.npm.taobao.org%2F%40babel%2Fparser%2Fdownload%2F%40babel%2Fparser-7.6.4.tgz#cb9b36a7482110282d5cb6dd424ec9262b473d81"

"@babel/template@^7.1.0", "@babel/template@^7.6.0":
  version "7.6.0"
  resolved "https://registry.npm.taobao.org/@babel/template/download/@babel/template-7.6.0.tgz#7f0159c7f5012230dad64cca42ec9bdb5c9536e6"
  dependencies:
    "@babel/code-frame" "^7.0.0"
    "@babel/parser" "^7.6.0"
    "@babel/types" "^7.6.0"

"@babel/traverse@^7.6.2", "@babel/traverse@^7.6.3":
  version "7.6.3"
  resolved "https://registry.npm.taobao.org/@babel/traverse/download/@babel/traverse-7.6.3.tgz#66d7dba146b086703c0fb10dd588b7364cec47f9"
  dependencies:
    "@babel/code-frame" "^7.5.5"
    "@babel/generator" "^7.6.3"
    "@babel/helper-function-name" "^7.1.0"
    "@babel/helper-split-export-declaration" "^7.4.4"
    "@babel/parser" "^7.6.3"
    "@babel/types" "^7.6.3"
    debug "^4.1.0"
    globals "^11.1.0"
    lodash "^4.17.13"

"@babel/types@^7.0.0", "@babel/types@^7.4.4", "@babel/types@^7.6.0", "@babel/types@^7.6.3":
  version "7.6.3"
  resolved "https://registry.npm.taobao.org/@babel/types/download/@babel/types-7.6.3.tgz?cache=0&other_urls=https%3A%2F%2Fregistry.npm.taobao.org%2F%40babel%2Ftypes%2Fdownload%2F%40babel%2Ftypes-7.6.3.tgz#3f07d96f854f98e2fbd45c64b0cb942d11e8ba09"
  dependencies:
    esutils "^2.0.2"
    lodash "^4.17.13"
    to-fast-properties "^2.0.0"

ansi-styles@^3.2.1:
  version "3.2.1"
  resolved "https://registry.npm.taobao.org/ansi-styles/download/ansi-styles-3.2.1.tgz#41fbb20243e50b12be0f04b8dedbf07520ce841d"
  dependencies:
    color-convert "^1.9.0"

chalk@^2.0.0:
  version "2.4.2"
  resolved "https://registry.npm.taobao.org/chalk/download/chalk-2.4.2.tgz?cache=0&other_urls=https%3A%2F%2Fregistry.npm.taobao.org%2Fchalk%2Fdownload%2Fchalk-2.4.2.tgz#cd42541677a54333cf541a49108c1432b44c9424"
  dependencies:
    ansi-styles "^3.2.1"
    escape-string-regexp "^1.0.5"
    supports-color "^5.3.0"

color-convert@^1.9.0:
  version "1.9.3"
  resolved "https://registry.npm.taobao.org/color-convert/download/color-convert-1.9.3.tgz#bb71850690e1f136567de629d2d5471deda4c1e8"
  dependencies:
    color-name "1.1.3"

color-name@1.1.3:
  version "1.1.3"
  resolved "https://registry.npm.taobao.org/color-name/download/color-name-1.1.3.tgz#a7d0558bd89c42f795dd42328f740831ca53bc25"

convert-source-map@^1.1.0:
  version "1.6.0"
  resolved "https://registry.npm.taobao.org/convert-source-map/download/convert-source-map-1.6.0.tgz#51b537a8c43e0f04dec1993bffcdd504e758ac20"
  dependencies:
    safe-buffer "~5.1.1"

debug@^4.1.0:
  version "4.1.1"
  resolved "https://registry.npm.taobao.org/debug/download/debug-4.1.1.tgz#3b72260255109c6b589cee050f1d516139664791"
  dependencies:
    ms "^2.1.1"

escape-string-regexp@^1.0.5:
  version "1.0.5"
  resolved "https://registry.npm.taobao.org/escape-string-regexp/download/escape-string-regexp-1.0.5.tgz#1b61c0562190a8dff6ae3bb2cf0200ca130b86d4"

esutils@^2.0.2:
  version "2.0.3"
  resolved "https://registry.npm.taobao.org/esutils/download/esutils-2.0.3.tgz#74d2eb4de0b8da1293711910d50775b9b710ef64"

globals@^11.1.0:
  version "11.12.0"
  resolved "https://registry.npm.taobao.org/globals/download/globals-11.12.0.tgz?cache=0&sync_timestamp=1570510824235&other_urls=https%3A%2F%2Fregistry.npm.taobao.org%2Fglobals%2Fdownload%2Fglobals-11.12.0.tgz#ab8795338868a0babd8525758018c2a7eb95c42e"

has-flag@^3.0.0:
  version "3.0.0"
  resolved "https://registry.npm.taobao.org/has-flag/download/has-flag-3.0.0.tgz#b5d454dc2199ae225699f3467e5a07f3b955bafd"

js-tokens@^4.0.0:
  version "4.0.0"
  resolved "https://registry.npm.taobao.org/js-tokens/download/js-tokens-4.0.0.tgz#19203fb59991df98e3a287050d4647cdeaf32499"

jsesc@^2.5.1:
  version "2.5.2"
  resolved "https://registry.npm.taobao.org/jsesc/download/jsesc-2.5.2.tgz#80564d2e483dacf6e8ef209650a67df3f0c283a4"

json5@^2.1.0:
  version "2.1.1"
  resolved "https://registry.npm.taobao.org/json5/download/json5-2.1.1.tgz#81b6cb04e9ba496f1c7005d07b4368a2638f90b6"
  dependencies:
    minimist "^1.2.0"

lodash@^4.17.13:
  version "4.17.15"
  resolved "https://registry.npm.taobao.org/lodash/download/lodash-4.17.15.tgz#b447f6670a0455bbfeedd11392eff330ea097548"

minimist@^1.2.0:
  version "1.2.0"
  resolved "https://registry.npm.taobao.org/minimist/download/minimist-1.2.0.tgz#a35008b20f41383eec1fb914f4cd5df79a264284"

ms@^2.1.1:
  version "2.1.2"
  resolved "https://registry.npm.taobao.org/ms/download/ms-2.1.2.tgz#d09d1f357b443f493382a8eb3ccd183872ae6009"

path-parse@^1.0.6:
  version "1.0.6"
  resolved "https://registry.npm.taobao.org/path-parse/download/path-parse-1.0.6.tgz#d62dbb5679405d72c4737ec58600e9ddcf06d24c"

resolve@^1.3.2:
  version "1.12.0"
  resolved "https://registry.npm.taobao.org/resolve/download/resolve-1.12.0.tgz?cache=0&other_urls=https%3A%2F%2Fregistry.npm.taobao.org%2Fresolve%2Fdownload%2Fresolve-1.12.0.tgz#3fc644a35c84a48554609ff26ec52b66fa577df6"
  dependencies:
    path-parse "^1.0.6"

safe-buffer@~5.1.1:
  version "5.1.2"
  resolved "https://registry.npm.taobao.org/safe-buffer/download/safe-buffer-5.1.2.tgz#991ec69d296e0313747d59bdfd2b745c35f8828d"

semver@^5.4.1:
  version "5.7.1"
  resolved "https://registry.npm.taobao.org/semver/download/semver-5.7.1.tgz?cache=0&sync_timestamp=1565627367398&other_urls=https%3A%2F%2Fregistry.npm.taobao.org%2Fsemver%2Fdownload%2Fsemver-5.7.1.tgz#a954f931aeba508d307bbf069eff0c01c96116f7"

source-map@^0.5.0:
  version "0.5.7"
  resolved "https://registry.npm.taobao.org/source-map/download/source-map-0.5.7.tgz?cache=0&other_urls=https%3A%2F%2Fregistry.npm.taobao.org%2Fsource-map%2Fdownload%2Fsource-map-0.5.7.tgz#8a039d2d1021d22d1ea14c80d8ea468ba2ef3fcc"

supports-color@^5.3.0:
  version "5.5.0"
  resolved "https://registry.npm.taobao.org/supports-color/download/supports-color-5.5.0.tgz#e2e69a44ac8772f78a1ec0b35b689df6530efc8f"
  dependencies:
    has-flag "^3.0.0"

to-fast-properties@^2.0.0:
  version "2.0.0"
  resolved "https://registry.npm.taobao.org/to-fast-properties/download/to-fast-properties-2.0.0.tgz#dc5e698cbd079265bc73e0377681a4e4e83f616e"
